
Microsoft Visual Studio Solution File, Format Version 12.00
# Visual Studio 15
VisualStudioVersion = 15.0.28307.779
MinimumVisualStudioVersion = 10.0.40219.1
Project("{FAE04EC0-301F-11D3-BF4B-00C04F79EFBC}") = "CarLibrary", "CarLibrary\CarLibrary.csproj", "{24D01A40-E425-4525-BD6E-3C03E731776E}"
EndProject
Global
	GlobalSection(SolutionConfigurationPlatforms) = preSolution
		Debug|Any CPU = Debug|Any CPU
		Release|Any CPU = Release|Any CPU
	EndGlobalSection
	GlobalSection(ProjectConfigurationPlatforms) = postSolution
		{24D01A40-E425-4525-BD6E-3C03E731776E}.Debug|Any CPU.ActiveCfg = Debug|Any CPU
		{24D01A40-E425-4525-BD6E-3C03E731776E}.Debug|Any CPU.Build.0 = Debug|Any CPU
		{24D01A40-E425-4525-BD6E-3C03E731776E}.Release|Any CPU.ActiveCfg = Release|Any CPU
		{24D01A40-E425-4525-BD6E-3C03E731776E}.Release|Any CPU.Build.0 = Release|Any CPU
	EndGlobalSection
	GlobalSection(SolutionProperties) = preSolution
		HideSolutionNode = FALSE
	EndGlobalSection
	GlobalSection(ExtensibilityGlobals) = postSolution
		SolutionGuid = {C6287697-68EF-4BD8-806C-6A83034975D1}
	EndGlobalSection
EndGlobal
